
Microsoft Visual Studio Solution File, Format Version 12.00
# Visual Studio Version 16
VisualStudioVersion = 16.0.29319.158
MinimumVisualStudioVersion = 10.0.40219.1
Project("{FAE04EC0-301F-11D3-BF4B-00C04F79EFBC}") = "VantagePro", "VantagePro.csproj", "{64308775-BD4A-469C-BCAB-3ED830B811AF}"
EndProject
Project("{2150E333-8FDC-42A3-9474-1A3956D46DE8}") = "Solution Items", "Solution Items", "{12975955-F0BA-4872-9569-A3045FB5AAB9}"
	ProjectSection(SolutionItems) = preProject
		Solution Items\ASCOM.VantagePro.ObservingConditions.Validation-Serial.txt = Solution Items\ASCOM.VantagePro.ObservingConditions.Validation-Serial.txt
		VantagePro Setup.exe = VantagePro Setup.exe
	EndProjectSection
EndProject
Project("{FAE04EC0-301F-11D3-BF4B-00C04F79EFBC}") = "TestRawData", "TestRawData\TestRawData.csproj", "{3BAA6B89-ED61-479A-84E6-308277B2916D}"
EndProject
Project("{FAE04EC0-301F-11D3-BF4B-00C04F79EFBC}") = "BuildVersion2DateTime", "..\BuildVersion2DateTime\BuildVersion2DateTime.csproj", "{271196AA-FF80-47C2-946F-959480B99C56}"
EndProject
Project("{FAE04EC0-301F-11D3-BF4B-00C04F79EFBC}") = "TestPeriodicReading", "..\TestPeriodicReading\TestPeriodicReading.csproj", "{E2B4783F-34D8-4F20-B740-8B302B83901A}"
EndProject
Global
	GlobalSection(SolutionConfigurationPlatforms) = preSolution
		Debug|Any CPU = Debug|Any CPU
		Release|Any CPU = Release|Any CPU
	EndGlobalSection
	GlobalSection(ProjectConfigurationPlatforms) = postSolution
		{64308775-BD4A-469C-BCAB-3ED830B811AF}.Debug|Any CPU.ActiveCfg = Debug|Any CPU
		{64308775-BD4A-469C-BCAB-3ED830B811AF}.Debug|Any CPU.Build.0 = Debug|Any CPU
		{64308775-BD4A-469C-BCAB-3ED830B811AF}.Release|Any CPU.ActiveCfg = Release|Any CPU
		{64308775-BD4A-469C-BCAB-3ED830B811AF}.Release|Any CPU.Build.0 = Release|Any CPU
		{3BAA6B89-ED61-479A-84E6-308277B2916D}.Debug|Any CPU.ActiveCfg = Debug|Any CPU
		{3BAA6B89-ED61-479A-84E6-308277B2916D}.Debug|Any CPU.Build.0 = Debug|Any CPU
		{3BAA6B89-ED61-479A-84E6-308277B2916D}.Release|Any CPU.ActiveCfg = Release|Any CPU
		{3BAA6B89-ED61-479A-84E6-308277B2916D}.Release|Any CPU.Build.0 = Release|Any CPU
		{271196AA-FF80-47C2-946F-959480B99C56}.Debug|Any CPU.ActiveCfg = Debug|Any CPU
		{271196AA-FF80-47C2-946F-959480B99C56}.Debug|Any CPU.Build.0 = Debug|Any CPU
		{271196AA-FF80-47C2-946F-959480B99C56}.Release|Any CPU.ActiveCfg = Release|Any CPU
		{271196AA-FF80-47C2-946F-959480B99C56}.Release|Any CPU.Build.0 = Release|Any CPU
		{E2B4783F-34D8-4F20-B740-8B302B83901A}.Debug|Any CPU.ActiveCfg = Debug|Any CPU
		{E2B4783F-34D8-4F20-B740-8B302B83901A}.Debug|Any CPU.Build.0 = Debug|Any CPU
		{E2B4783F-34D8-4F20-B740-8B302B83901A}.Release|Any CPU.ActiveCfg = Release|Any CPU
		{E2B4783F-34D8-4F20-B740-8B302B83901A}.Release|Any CPU.Build.0 = Release|Any CPU
	EndGlobalSection
	GlobalSection(SolutionProperties) = preSolution
		HideSolutionNode = FALSE
	EndGlobalSection
	GlobalSection(ExtensibilityGlobals) = postSolution
		SolutionGuid = {B49335C5-9316-48C0-83D7-B3D5F9E70783}
	EndGlobalSection
EndGlobal
